
Microsoft Visual Studio Solution File, Format Version 11.00
# Visual C++ Express 2010
Project("{8BC9CEB8-8B4A-11D0-8D11-00A0C91BC942}") = "ppm_encode", "ppm_encode\ppm_encode.vcxproj", "{455D4016-DE91-418C-A3C0-32D3CBE88CEF}"
EndProject
Global
	GlobalSection(SolutionConfigurationPlatforms) = preSolution
		Debug|Win32 = Debug|Win32
		Release|Win32 = Release|Win32
	EndGlobalSection
	GlobalSection(ProjectConfigurationPlatforms) = postSolution
		{455D4016-DE91-418C-A3C0-32D3CBE88CEF}.Debug|Win32.ActiveCfg = Debug|Win32
		{455D4016-DE91-418C-A3C0-32D3CBE88CEF}.Debug|Win32.Build.0 = Debug|Win32
		{455D4016-DE91-418C-A3C0-32D3CBE88CEF}.Release|Win32.ActiveCfg = Release|Win32
		{455D4016-DE91-418C-A3C0-32D3CBE88CEF}.Release|Win32.Build.0 = Release|Win32
	EndGlobalSection
	GlobalSection(SolutionProperties) = preSolution
		HideSolutionNode = FALSE
	EndGlobalSection
EndGlobal
